
Microsoft Visual Studio Solution File, Format Version 12.00
# Visual Studio Version 16
VisualStudioVersion = 16.0.31624.102
MinimumVisualStudioVersion = 10.0.40219.1
Project("{FAE04EC0-301F-11D3-BF4B-00C04F79EFBC}") = "ejericio2Parte2Guia2", "ejericio2Parte2Guia2\ejericio2Parte2Guia2.csproj", "{EE8BEFEC-55BF-4338-9DB6-200BBFF94922}"
EndProject
Global
	GlobalSection(SolutionConfigurationPlatforms) = preSolution
		Debug|Any CPU = Debug|Any CPU
		Release|Any CPU = Release|Any CPU
	EndGlobalSection
	GlobalSection(ProjectConfigurationPlatforms) = postSolution
		{EE8BEFEC-55BF-4338-9DB6-200BBFF94922}.Debug|Any CPU.ActiveCfg = Debug|Any CPU
		{EE8BEFEC-55BF-4338-9DB6-200BBFF94922}.Debug|Any CPU.Build.0 = Debug|Any CPU
		{EE8BEFEC-55BF-4338-9DB6-200BBFF94922}.Release|Any CPU.ActiveCfg = Release|Any CPU
		{EE8BEFEC-55BF-4338-9DB6-200BBFF94922}.Release|Any CPU.Build.0 = Release|Any CPU
	EndGlobalSection
	GlobalSection(SolutionProperties) = preSolution
		HideSolutionNode = FALSE
	EndGlobalSection
	GlobalSection(ExtensibilityGlobals) = postSolution
		SolutionGuid = {DFABCA33-0251-4234-9507-5981446A424B}
	EndGlobalSection
EndGlobal
