
Microsoft Visual Studio Solution File, Format Version 12.00
# Visual Studio Version 17
VisualStudioVersion = 17.0.31612.314
MinimumVisualStudioVersion = 10.0.40219.1
Project("{FAE04EC0-301F-11D3-BF4B-00C04F79EFBC}") = "ejercicio5Guia2", "ejercicio5Guia2\ejercicio5Guia2.csproj", "{DDE5DC5D-C4B7-4767-8C6F-5D6F264DD849}"
EndProject
Global
	GlobalSection(SolutionConfigurationPlatforms) = preSolution
		Debug|Any CPU = Debug|Any CPU
		Release|Any CPU = Release|Any CPU
	EndGlobalSection
	GlobalSection(ProjectConfigurationPlatforms) = postSolution
		{DDE5DC5D-C4B7-4767-8C6F-5D6F264DD849}.Debug|Any CPU.ActiveCfg = Debug|Any CPU
		{DDE5DC5D-C4B7-4767-8C6F-5D6F264DD849}.Debug|Any CPU.Build.0 = Debug|Any CPU
		{DDE5DC5D-C4B7-4767-8C6F-5D6F264DD849}.Release|Any CPU.ActiveCfg = Release|Any CPU
		{DDE5DC5D-C4B7-4767-8C6F-5D6F264DD849}.Release|Any CPU.Build.0 = Release|Any CPU
	EndGlobalSection
	GlobalSection(SolutionProperties) = preSolution
		HideSolutionNode = FALSE
	EndGlobalSection
	GlobalSection(ExtensibilityGlobals) = postSolution
		SolutionGuid = {217803BD-1E01-4116-99EE-BF34D9072E78}
	EndGlobalSection
EndGlobal
